Microsoft Visual Studio Solution File, Format Version 11.00
# Visual Studio 2008

Project("{5D517744-B3BE-D564-1219-85C8F24B9CE1}") = "Empty Prototype Project", "Assembly-CSharp.csproj", "{7D791CE1-C5F6-9489-70A3-50CD3D6DFA05}"
EndProject
Project("{5D517744-B3BE-D564-1219-85C8F24B9CE1}") = "Empty Prototype Project", "Assembly-CSharp-Editor.csproj", "{18121E58-E1AF-3B20-5E80-E3D4B25067E6}"
EndProject
Global
	GlobalSection(SolutionConfigurationPlatforms) = preSolution
		Debug|Any CPU = Debug|Any CPU
		Release|Any CPU = Release|Any CPU
	EndGlobalSection
	GlobalSection(ProjectConfigurationPlatforms) = postSolution
		{7D791CE1-C5F6-9489-70A3-50CD3D6DFA05}.Debug|Any CPU.ActiveCfg = Debug|Any CPU
		{7D791CE1-C5F6-9489-70A3-50CD3D6DFA05}.Debug|Any CPU.Build.0 = Debug|Any CPU
		{7D791CE1-C5F6-9489-70A3-50CD3D6DFA05}.Release|Any CPU.ActiveCfg = Release|Any CPU
		{7D791CE1-C5F6-9489-70A3-50CD3D6DFA05}.Release|Any CPU.Build.0 = Release|Any CPU
		{18121E58-E1AF-3B20-5E80-E3D4B25067E6}.Debug|Any CPU.ActiveCfg = Debug|Any CPU
		{18121E58-E1AF-3B20-5E80-E3D4B25067E6}.Debug|Any CPU.Build.0 = Debug|Any CPU
		{18121E58-E1AF-3B20-5E80-E3D4B25067E6}.Release|Any CPU.ActiveCfg = Release|Any CPU
		{18121E58-E1AF-3B20-5E80-E3D4B25067E6}.Release|Any CPU.Build.0 = Release|Any CPU
	EndGlobalSection
	GlobalSection(SolutionProperties) = preSolution
		HideSolutionNode = FALSE
	EndGlobalSection
	GlobalSection(MonoDevelopProperties) = preSolution
		StartupItem = Assembly-CSharp.csproj
	EndGlobalSection
EndGlobal
